
Microsoft Visual Studio Solution File, Format Version 12.00
# Visual Studio Version 16
VisualStudioVersion = 16.0.30225.117
MinimumVisualStudioVersion = 10.0.40219.1
Project("{FAE04EC0-301F-11D3-BF4B-00C04F79EFBC}") = "AQUA", "AQUA.csproj", "{2FE855BC-0EDA-444B-8B1D-1295E6577BDB}"
EndProject
Global
	GlobalSection(SolutionConfigurationPlatforms) = preSolution
		Debug|Any CPU = Debug|Any CPU
		Release|Any CPU = Release|Any CPU
	EndGlobalSection
	GlobalSection(ProjectConfigurationPlatforms) = postSolution
		{2FE855BC-0EDA-444B-8B1D-1295E6577BDB}.Debug|Any CPU.ActiveCfg = Debug|Any CPU
		{2FE855BC-0EDA-444B-8B1D-1295E6577BDB}.Debug|Any CPU.Build.0 = Debug|Any CPU
		{2FE855BC-0EDA-444B-8B1D-1295E6577BDB}.Release|Any CPU.ActiveCfg = Release|Any CPU
		{2FE855BC-0EDA-444B-8B1D-1295E6577BDB}.Release|Any CPU.Build.0 = Release|Any CPU
	EndGlobalSection
	GlobalSection(SolutionProperties) = preSolution
		HideSolutionNode = FALSE
	EndGlobalSection
	GlobalSection(ExtensibilityGlobals) = postSolution
		SolutionGuid = {50266633-03B2-4CFD-893A-BC0A1E798CB8}
	EndGlobalSection
EndGlobal
